{
  "name": "mun-aio",
  "lockfileVersion": 2,
  "requires": true,
  "packages": {
    "": {
      "dependencies": {
        "@material-ui/core": "^4.11.3"
      }
    },
    "node_modules/@babel/runtime": {
      "version": "7.12.5",
      "resolved": "https://registry.npm.taobao.org/@babel/runtime/download/@babel/runtime-7.12.5.tgz?cache=0&sync_timestamp=1604443606981&other_urls=https%3A%2F%2Fregistry.npm.taobao.org%2F%40babel%2Fruntime%2Fdownload%2F%40babel%2Fruntime-7.12.5.tgz",
      "integrity": "sha1-QQ5+SHRB4bNgwpvnFdhw2bmFiC4=",
      "dependencies": {
        "regenerator-runtime": "^0.13.4"
      }
    },
    "node_modules/@emotion/hash": {
      "version": "0.8.0",
      "resolved": "https://registry.npm.taobao.org/@emotion/hash/download/@emotion/hash-0.8.0.tgz",
      "integrity": "sha1-u7/2iXj+/b5ozLUzvIy+HRr7VBM="
    },
    "node_modules/@material-ui/core": {
      "version": "4.11.3",
      "resolved": "https://registry.npm.taobao.org/@material-ui/core/download/@material-ui/core-4.11.3.tgz",
      "integrity": "sha1-8i5Bd1sL0HXjanoJPUOVG/f2OFA=",
      "dependencies": {
        "@babel/runtime": "^7.4.4",
        "@material-ui/styles": "^4.11.3",
        "@material-ui/system": "^4.11.3",
        "@material-ui/types": "^5.1.0",
        "@material-ui/utils": "^4.11.2",
        "@types/react-transition-group": "^4.2.0",
        "clsx": "^1.0.4",
        "hoist-non-react-statics": "^3.3.2",
        "popper.js": "1.16.1-lts",
        "prop-types": "^15.7.2",
        "react-is": "^16.8.0 || ^17.0.0",
        "react-transition-group": "^4.4.0"
      },
      "engines": {
        "node": ">=8.0.0"
      },
      "peerDependencies": {
        "@types/react": "^16.8.6 || ^17.0.0",
        "react": "^16.8.0 || ^17.0.0",
        "react-dom": "^16.8.0 || ^17.0.0"
      }
    },
    "node_modules/@material-ui/styles": {
      "version": "4.11.3",
      "resolved": "https://registry.npm.taobao.org/@material-ui/styles/download/@material-ui/styles-4.11.3.tgz",
      "integrity": "sha1-G42Xd1pKZDtTR4yJXj8qRk6JFvI=",
      "dependencies": {
        "@babel/runtime": "^7.4.4",
        "@emotion/hash": "^0.8.0",
        "@material-ui/types": "^5.1.0",
        "@material-ui/utils": "^4.11.2",
        "clsx": "^1.0.4",
        "csstype": "^2.5.2",
        "hoist-non-react-statics": "^3.3.2",
        "jss": "^10.5.1",
        "jss-plugin-camel-case": "^10.5.1",
        "jss-plugin-default-unit": "^10.5.1",
        "jss-plugin-global": "^10.5.1",
        "jss-plugin-nested": "^10.5.1",
        "jss-plugin-props-sort": "^10.5.1",
        "jss-plugin-rule-value-function": "^10.5.1",
        "jss-plugin-vendor-prefixer": "^10.5.1",
        "prop-types": "^15.7.2"
      },
      "engines": {
        "node": ">=8.0.0"
      },
      "peerDependencies": {
        "@types/react": "^16.8.6 || ^17.0.0",
        "react": "^16.8.0 || ^17.0.0",
        "react-dom": "^16.8.0 || ^17.0.0"
      }
    },
    "node_modules/@material-ui/system": {
      "version": "4.11.3",
      "resolved": "https://registry.npm.taobao.org/@material-ui/system/download/@material-ui/system-4.11.3.tgz",
      "integrity": "sha1-RmvBTJmGeY/TJWZZJ8lj60fMQUM=",
      "dependencies": {
        "@babel/runtime": "^7.4.4",
        "@material-ui/utils": "^4.11.2",
        "csstype": "^2.5.2",
        "prop-types": "^15.7.2"
      },
      "engines": {
        "node": ">=8.0.0"
      },
      "peerDependencies": {
        "@types/react": "^16.8.6 || ^17.0.0",
        "react": "^16.8.0 || ^17.0.0",
        "react-dom": "^16.8.0 || ^17.0.0"
      }
    },
    "node_modules/@material-ui/types": {
      "version": "5.1.0",
      "resolved": "https://registry.npm.taobao.org/@material-ui/types/download/@material-ui/types-5.1.0.tgz",
      "integrity": "sha1-76HHoLDqpMfIesA5BEXw+IsNiPI=",
      "peerDependencies": {
        "@types/react": "*"
      }
    },
    "node_modules/@material-ui/utils": {
      "version": "4.11.2",
      "resolved": "https://registry.npm.taobao.org/@material-ui/utils/download/@material-ui/utils-4.11.2.tgz?cache=0&sync_timestamp=1611671618244&other_urls=https%3A%2F%2Fregistry.npm.taobao.org%2F%40material-ui%2Futils%2Fdownload%2F%40material-ui%2Futils-4.11.2.tgz",
      "integrity": "sha1-8a76fn3/Lry5fTHeUa7KsbtXVAo=",
      "dependencies": {
        "@babel/runtime": "^7.4.4",
        "prop-types": "^15.7.2",
        "react-is": "^16.8.0 || ^17.0.0"
      },
      "engines": {
        "node": ">=8.0.0"
      },
      "peerDependencies": {
        "react": "^16.8.0 || ^17.0.0",
        "react-dom": "^16.8.0 || ^17.0.0"
      }
    },
    "node_modules/@types/prop-types": {
      "version": "15.7.3",
      "resolved": "https://registry.npm.taobao.org/@types/prop-types/download/@types/prop-types-15.7.3.tgz",
      "integrity": "sha1-KrDV2i5YFflLC51LldHl8kOrLKc="
    },
    "node_modules/@types/react": {
      "version": "17.0.0",
      "resolved": "https://registry.npm.taobao.org/@types/react/download/@types/react-17.0.0.tgz?cache=0&sync_timestamp=1606158558386&other_urls=https%3A%2F%2Fregistry.npm.taobao.org%2F%40types%2Freact%2Fdownload%2F%40types%2Freact-17.0.0.tgz",
      "integrity": "sha1-WvPrf60oBwkvAEahMCt4I+J5Gbg=",
      "dependencies": {
        "@types/prop-types": "*",
        "csstype": "^3.0.2"
      }
    },
    "node_modules/@types/react-transition-group": {
      "version": "4.4.0",
      "resolved": "https://registry.npm.taobao.org/@types/react-transition-group/download/@types/react-transition-group-4.4.0.tgz",
      "integrity": "sha1-iCg520Zd8TIOR1Pm6fcMp+m01G0=",
      "dependencies": {
        "@types/react": "*"
      }
    },
    "node_modules/@types/react/node_modules/csstype": {
      "version": "3.0.6",
      "resolved": "https://registry.npm.taobao.org/csstype/download/csstype-3.0.6.tgz?cache=0&sync_timestamp=1610107151406&other_urls=https%3A%2F%2Fregistry.npm.taobao.org%2Fcsstype%2Fdownload%2Fcsstype-3.0.6.tgz",
      "integrity": "sha1-hl0LWDPX2NQPTluKbXauo95HJe8="
    },
    "node_modules/clsx": {
      "version": "1.1.1",
      "resolved": "https://registry.npm.taobao.org/clsx/download/clsx-1.1.1.tgz",
      "integrity": "sha1-mLMTT5q73yOyZjSRrOE8XAOnMYg=",
      "engines": {
        "node": ">=6"
      }
    },
    "node_modules/css-vendor": {
      "version": "2.0.8",
      "resolved": "https://registry.npm.taobao.org/css-vendor/download/css-vendor-2.0.8.tgz",
      "integrity": "sha1-5H+R070xF9SRgKPJNeYuPZ9/RJ0=",
      "dependencies": {
        "@babel/runtime": "^7.8.3",
        "is-in-browser": "^1.0.2"
      }
    },
    "node_modules/csstype": {
      "version": "2.6.14",
      "resolved": "https://registry.npm.taobao.org/csstype/download/csstype-2.6.14.tgz?cache=0&sync_timestamp=1610107151406&other_urls=https%3A%2F%2Fregistry.npm.taobao.org%2Fcsstype%2Fdownload%2Fcsstype-2.6.14.tgz",
      "integrity": "sha1-AEgipAUDRbVa1NzAC+HZzy9Clt4="
    },
    "node_modules/dom-helpers": {
      "version": "5.2.0",
      "resolved": "https://registry.npm.taobao.org/dom-helpers/download/dom-helpers-5.2.0.tgz",
      "integrity": "sha1-V/0FTF+PNMUqPu/9t+fpPNNX2Vs=",
      "dependencies": {
        "@babel/runtime": "^7.8.7",
        "csstype": "^3.0.2"
      }
    },
    "node_modules/dom-helpers/node_modules/csstype": {
      "version": "3.0.6",
      "resolved": "https://registry.npm.taobao.org/csstype/download/csstype-3.0.6.tgz?cache=0&sync_timestamp=1610107151406&other_urls=https%3A%2F%2Fregistry.npm.taobao.org%2Fcsstype%2Fdownload%2Fcsstype-3.0.6.tgz",
      "integrity": "sha1-hl0LWDPX2NQPTluKbXauo95HJe8="
    },
    "node_modules/hoist-non-react-statics": {
      "version": "3.3.2",
      "resolved": "https://registry.npm.taobao.org/hoist-non-react-statics/download/hoist-non-react-statics-3.3.2.tgz",
      "integrity": "sha1-7OCsr3HWLClpwuxZ/v9CpLGoW0U=",
      "dependencies": {
        "react-is": "^16.7.0"
      }
    },
    "node_modules/hoist-non-react-statics/node_modules/react-is": {
      "version": "16.13.1",
      "resolved": "https://registry.npm.taobao.org/react-is/download/react-is-16.13.1.tgz?cache=0&sync_timestamp=1610380768320&other_urls=https%3A%2F%2Fregistry.npm.taobao.org%2Freact-is%2Fdownload%2Freact-is-16.13.1.tgz",
      "integrity": "sha1-eJcppNw23imZ3BVt1sHZwYzqVqQ="
    },
    "node_modules/hyphenate-style-name": {
      "version": "1.0.4",
      "resolved": "https://registry.npm.taobao.org/hyphenate-style-name/download/hyphenate-style-name-1.0.4.tgz",
      "integrity": "sha1-aRh5r44iCupXUOiCfbTvYqVONh0="
    },
    "node_modules/indefinite-observable": {
      "version": "2.0.1",
      "resolved": "https://registry.npm.taobao.org/indefinite-observable/download/indefinite-observable-2.0.1.tgz",
      "integrity": "sha1-V0rym/vBfrWUd5N5e93JTJ2FlAA=",
      "dependencies": {
        "symbol-observable": "1.2.0"
      }
    },
    "node_modules/is-in-browser": {
      "version": "1.1.3",
      "resolved": "https://registry.npm.taobao.org/is-in-browser/download/is-in-browser-1.1.3.tgz",
      "integrity": "sha1-Vv9NtoOgeMYILrldrX3GLh0E+DU="
    },
    "node_modules/js-tokens": {
      "version": "4.0.0",
      "resolved": "https://registry.npm.taobao.org/js-tokens/download/js-tokens-4.0.0.tgz",
      "integrity": "sha1-GSA/tZmR35jjoocFDUZHzerzJJk="
    },
    "node_modules/jss": {
      "version": "10.5.1",
      "resolved": "https://registry.npm.taobao.org/jss/download/jss-10.5.1.tgz",
      "integrity": "sha1-k+ayQoyEBAg3LYtUjD88YPpgHEA=",
      "dependencies": {
        "@babel/runtime": "^7.3.1",
        "csstype": "^3.0.2",
        "indefinite-observable": "^2.0.1",
        "is-in-browser": "^1.1.3",
        "tiny-warning": "^1.0.2"
      }
    },
    "node_modules/jss-plugin-camel-case": {
      "version": "10.5.1",
      "resolved": "https://registry.npm.taobao.org/jss-plugin-camel-case/download/jss-plugin-camel-case-10.5.1.tgz",
      "integrity": "sha1-QnskqZUbTC6qfj1SZ6zS4AsJNPk=",
      "dependencies": {
        "@babel/runtime": "^7.3.1",
        "hyphenate-style-name": "^1.0.3",
        "jss": "10.5.1"
      }
    },
    "node_modules/jss-plugin-default-unit": {
      "version": "10.5.1",
      "resolved": "https://registry.npm.taobao.org/jss-plugin-default-unit/download/jss-plugin-default-unit-10.5.1.tgz",
      "integrity": "sha1-K+OF1x1QruLugcKprHDgBZLthhs=",
      "dependencies": {
        "@babel/runtime": "^7.3.1",
        "jss": "10.5.1"
      }
    },
    "node_modules/jss-plugin-global": {
      "version": "10.5.1",
      "resolved": "https://registry.npm.taobao.org/jss-plugin-global/download/jss-plugin-global-10.5.1.tgz",
      "integrity": "sha1-DheT3qhsKYNgp+IARyE1FlPH52Q=",
      "dependencies": {
        "@babel/runtime": "^7.3.1",
        "jss": "10.5.1"
      }
    },
    "node_modules/jss-plugin-nested": {
      "version": "10.5.1",
      "resolved": "https://registry.npm.taobao.org/jss-plugin-nested/download/jss-plugin-nested-10.5.1.tgz",
      "integrity": "sha1-h1OoCtMRkPtqxv3Tn1c1Lc8Slbs=",
      "dependencies": {
        "@babel/runtime": "^7.3.1",
        "jss": "10.5.1",
        "tiny-warning": "^1.0.2"
      }
    },
    "node_modules/jss-plugin-props-sort": {
      "version": "10.5.1",
      "resolved": "https://registry.npm.taobao.org/jss-plugin-props-sort/download/jss-plugin-props-sort-10.5.1.tgz",
      "integrity": "sha1-qxwWf9LUUG+2ocHWbF8+9UX/HNg=",
      "dependencies": {
        "@babel/runtime": "^7.3.1",
        "jss": "10.5.1"
      }
    },
    "node_modules/jss-plugin-rule-value-function": {
      "version": "10.5.1",
      "resolved": "https://registry.npm.taobao.org/jss-plugin-rule-value-function/download/jss-plugin-rule-value-function-10.5.1.tgz",
      "integrity": "sha1-N/QDBSP7MDLIgB+rSMNsNzAE3n4=",
      "dependencies": {
        "@babel/runtime": "^7.3.1",
        "jss": "10.5.1",
        "tiny-warning": "^1.0.2"
      }
    },
    "node_modules/jss-plugin-vendor-prefixer": {
      "version": "10.5.1",
      "resolved": "https://registry.npm.taobao.org/jss-plugin-vendor-prefixer/download/jss-plugin-vendor-prefixer-10.5.1.tgz",
      "integrity": "sha1-RaGDo6DrCXvfqwmGuFjZmSDAu9g=",
      "dependencies": {
        "@babel/runtime": "^7.3.1",
        "css-vendor": "^2.0.8",
        "jss": "10.5.1"
      }
    },
    "node_modules/jss/node_modules/csstype": {
      "version": "3.0.6",
      "resolved": "https://registry.npm.taobao.org/csstype/download/csstype-3.0.6.tgz?cache=0&sync_timestamp=1610107151406&other_urls=https%3A%2F%2Fregistry.npm.taobao.org%2Fcsstype%2Fdownload%2Fcsstype-3.0.6.tgz",
      "integrity": "sha1-hl0LWDPX2NQPTluKbXauo95HJe8="
    },
    "node_modules/loose-envify": {
      "version": "1.4.0",
      "resolved": "https://registry.npm.taobao.org/loose-envify/download/loose-envify-1.4.0.tgz",
      "integrity": "sha1-ce5R+nvkyuwaY4OffmgtgTLTDK8=",
      "dependencies": {
        "js-tokens": "^3.0.0 || ^4.0.0"
      },
      "bin": {
        "loose-envify": "cli.js"
      }
    },
    "node_modules/object-assign": {
      "version": "4.1.1",
      "resolved": "https://registry.npm.taobao.org/object-assign/download/object-assign-4.1.1.tgz",
      "integrity": "sha1-IQmtx5ZYh8/AXLvUQsrIv7s2CGM=",
      "engines": {
        "node": ">=0.10.0"
      }
    },
    "node_modules/popper.js": {
      "version": "1.16.1-lts",
      "resolved": "https://registry.npm.taobao.org/popper.js/download/popper.js-1.16.1-lts.tgz",
      "integrity": "sha1-z2hHuAfaN5nYDuPW0vkN+KP1CwU="
    },
    "node_modules/prop-types": {
      "version": "15.7.2",
      "resolved": "https://registry.npm.taobao.org/prop-types/download/prop-types-15.7.2.tgz",
      "integrity": "sha1-UsQedbjIfnK52TYOAga5ncv/psU=",
      "dependencies": {
        "loose-envify": "^1.4.0",
        "object-assign": "^4.1.1",
        "react-is": "^16.8.1"
      }
    },
    "node_modules/prop-types/node_modules/react-is": {
      "version": "16.13.1",
      "resolved": "https://registry.npm.taobao.org/react-is/download/react-is-16.13.1.tgz?cache=0&sync_timestamp=1610380768320&other_urls=https%3A%2F%2Fregistry.npm.taobao.org%2Freact-is%2Fdownload%2Freact-is-16.13.1.tgz",
      "integrity": "sha1-eJcppNw23imZ3BVt1sHZwYzqVqQ="
    },
    "node_modules/react": {
      "version": "17.0.1",
      "resolved": "https://registry.npm.taobao.org/react/download/react-17.0.1.tgz?cache=0&sync_timestamp=1610380778018&other_urls=https%3A%2F%2Fregistry.npm.taobao.org%2Freact%2Fdownload%2Freact-17.0.1.tgz",
      "integrity": "sha1-bgYAQWvVdXTj+G2S7bo9kAhyYSc=",
      "peer": true,
      "dependencies": {
        "loose-envify": "^1.1.0",
        "object-assign": "^4.1.1"
      },
      "engines": {
        "node": ">=0.10.0"
      }
    },
    "node_modules/react-dom": {
      "version": "17.0.1",
      "resolved": "https://registry.npm.taobao.org/react-dom/download/react-dom-17.0.1.tgz?cache=0&sync_timestamp=1610380738860&other_urls=https%3A%2F%2Fregistry.npm.taobao.org%2Freact-dom%2Fdownload%2Freact-dom-17.0.1.tgz",
      "integrity": "sha1-HeJWBHTsnw4zQoVmLt5S28VCb8Y=",
      "peer": true,
      "dependencies": {
        "loose-envify": "^1.1.0",
        "object-assign": "^4.1.1",
        "scheduler": "^0.20.1"
      },
      "peerDependencies": {
        "react": "17.0.1"
      }
    },
    "node_modules/react-is": {
      "version": "17.0.1",
      "resolved": "https://registry.npm.taobao.org/react-is/download/react-is-17.0.1.tgz?cache=0&sync_timestamp=1610380768320&other_urls=https%3A%2F%2Fregistry.npm.taobao.org%2Freact-is%2Fdownload%2Freact-is-17.0.1.tgz",
      "integrity": "sha1-WzUxvXamRaTJ+25pPtNkGeMwEzk="
    },
    "node_modules/react-transition-group": {
      "version": "4.4.1",
      "resolved": "https://registry.npm.taobao.org/react-transition-group/download/react-transition-group-4.4.1.tgz",
      "integrity": "sha1-Y4aPkyWjjqXulTXYKDJ/hXczRck=",
      "dependencies": {
        "@babel/runtime": "^7.5.5",
        "dom-helpers": "^5.0.1",
        "loose-envify": "^1.4.0",
        "prop-types": "^15.6.2"
      },
      "peerDependencies": {
        "react": ">=16.6.0",
        "react-dom": ">=16.6.0"
      }
    },
    "node_modules/regenerator-runtime": {
      "version": "0.13.7",
      "resolved": "https://registry.npm.taobao.org/regenerator-runtime/download/regenerator-runtime-0.13.7.tgz",
      "integrity": "sha1-ysLazIoepnX+qrrriugziYrkb1U="
    },
    "node_modules/scheduler": {
      "version": "0.20.1",
      "resolved": "https://registry.npm.taobao.org/scheduler/download/scheduler-0.20.1.tgz?cache=0&sync_timestamp=1610381218240&other_urls=https%3A%2F%2Fregistry.npm.taobao.org%2Fscheduler%2Fdownload%2Fscheduler-0.20.1.tgz",
      "integrity": "sha1-2guQfiQCawEYHsvHXv3H8ntaAAw=",
      "peer": true,
      "dependencies": {
        "loose-envify": "^1.1.0",
        "object-assign": "^4.1.1"
      }
    },
    "node_modules/symbol-observable": {
      "version": "1.2.0",
      "resolved": "https://registry.npm.taobao.org/symbol-observable/download/symbol-observable-1.2.0.tgz?cache=0&sync_timestamp=1604338205051&other_urls=https%3A%2F%2Fregistry.npm.taobao.org%2Fsymbol-observable%2Fdownload%2Fsymbol-observable-1.2.0.tgz",
      "integrity": "sha1-wiaIrtTqs83C3+rLtWFmBWCgCAQ=",
      "engines": {
        "node": ">=0.10.0"
      }
    },
    "node_modules/tiny-warning": {
      "version": "1.0.3",
      "resolved": "https://registry.npm.taobao.org/tiny-warning/download/tiny-warning-1.0.3.tgz",
      "integrity": "sha1-lKMNtFPfTGQ9D9VmBg1gqHXYR1Q="
    }
  },
  "dependencies": {
    "@babel/runtime": {
      "version": "7.12.5",
      "resolved": "https://registry.npm.taobao.org/@babel/runtime/download/@babel/runtime-7.12.5.tgz?cache=0&sync_timestamp=1604443606981&other_urls=https%3A%2F%2Fregistry.npm.taobao.org%2F%40babel%2Fruntime%2Fdownload%2F%40babel%2Fruntime-7.12.5.tgz",
      "integrity": "sha1-QQ5+SHRB4bNgwpvnFdhw2bmFiC4=",
      "requires": {
        "regenerator-runtime": "^0.13.4"
      }
    },
    "@emotion/hash": {
      "version": "0.8.0",
      "resolved": "https://registry.npm.taobao.org/@emotion/hash/download/@emotion/hash-0.8.0.tgz",
      "integrity": "sha1-u7/2iXj+/b5ozLUzvIy+HRr7VBM="
    },
    "@material-ui/core": {
      "version": "4.11.3",
      "resolved": "https://registry.npm.taobao.org/@material-ui/core/download/@material-ui/core-4.11.3.tgz",
      "integrity": "sha1-8i5Bd1sL0HXjanoJPUOVG/f2OFA=",
      "requires": {
        "@babel/runtime": "^7.4.4",
        "@material-ui/styles": "^4.11.3",
        "@material-ui/system": "^4.11.3",
        "@material-ui/types": "^5.1.0",
        "@material-ui/utils": "^4.11.2",
        "@types/react-transition-group": "^4.2.0",
        "clsx": "^1.0.4",
        "hoist-non-react-statics": "^3.3.2",
        "popper.js": "1.16.1-lts",
        "prop-types": "^15.7.2",
        "react-is": "^16.8.0 || ^17.0.0",
        "react-transition-group": "^4.4.0"
      }
    },
    "@material-ui/styles": {
      "version": "4.11.3",
      "resolved": "https://registry.npm.taobao.org/@material-ui/styles/download/@material-ui/styles-4.11.3.tgz",
      "integrity": "sha1-G42Xd1pKZDtTR4yJXj8qRk6JFvI=",
      "requires": {
        "@babel/runtime": "^7.4.4",
        "@emotion/hash": "^0.8.0",
        "@material-ui/types": "^5.1.0",
        "@material-ui/utils": "^4.11.2",
        "clsx": "^1.0.4",
        "csstype": "^2.5.2",
        "hoist-non-react-statics": "^3.3.2",
        "jss": "^10.5.1",
        "jss-plugin-camel-case": "^10.5.1",
        "jss-plugin-default-unit": "^10.5.1",
        "jss-plugin-global": "^10.5.1",
        "jss-plugin-nested": "^10.5.1",
        "jss-plugin-props-sort": "^10.5.1",
        "jss-plugin-rule-value-function": "^10.5.1",
        "jss-plugin-vendor-prefixer": "^10.5.1",
        "prop-types": "^15.7.2"
      }
    },
    "@material-ui/system": {
      "version": "4.11.3",
      "resolved": "https://registry.npm.taobao.org/@material-ui/system/download/@material-ui/system-4.11.3.tgz",
      "integrity": "sha1-RmvBTJmGeY/TJWZZJ8lj60fMQUM=",
      "requires": {
        "@babel/runtime": "^7.4.4",
        "@material-ui/utils": "^4.11.2",
        "csstype": "^2.5.2",
        "prop-types": "^15.7.2"
      }
    },
    "@material-ui/types": {
      "version": "5.1.0",
      "resolved": "https://registry.npm.taobao.org/@material-ui/types/download/@material-ui/types-5.1.0.tgz",
      "integrity": "sha1-76HHoLDqpMfIesA5BEXw+IsNiPI=",
      "requires": {}
    },
    "@material-ui/utils": {
      "version": "4.11.2",
      "resolved": "https://registry.npm.taobao.org/@material-ui/utils/download/@material-ui/utils-4.11.2.tgz?cache=0&sync_timestamp=1611671618244&other_urls=https%3A%2F%2Fregistry.npm.taobao.org%2F%40material-ui%2Futils%2Fdownload%2F%40material-ui%2Futils-4.11.2.tgz",
      "integrity": "sha1-8a76fn3/Lry5fTHeUa7KsbtXVAo=",
      "requires": {
        "@babel/runtime": "^7.4.4",
        "prop-types": "^15.7.2",
        "react-is": "^16.8.0 || ^17.0.0"
      }
    },
    "@types/prop-types": {
      "version": "15.7.3",
      "resolved": "https://registry.npm.taobao.org/@types/prop-types/download/@types/prop-types-15.7.3.tgz",
      "integrity": "sha1-KrDV2i5YFflLC51LldHl8kOrLKc="
    },
    "@types/react": {
      "version": "17.0.0",
      "resolved": "https://registry.npm.taobao.org/@types/react/download/@types/react-17.0.0.tgz?cache=0&sync_timestamp=1606158558386&other_urls=https%3A%2F%2Fregistry.npm.taobao.org%2F%40types%2Freact%2Fdownload%2F%40types%2Freact-17.0.0.tgz",
      "integrity": "sha1-WvPrf60oBwkvAEahMCt4I+J5Gbg=",
      "requires": {
        "@types/prop-types": "*",
        "csstype": "^3.0.2"
      },
      "dependencies": {
        "csstype": {
          "version": "3.0.6",
          "resolved": "https://registry.npm.taobao.org/csstype/download/csstype-3.0.6.tgz?cache=0&sync_timestamp=1610107151406&other_urls=https%3A%2F%2Fregistry.npm.taobao.org%2Fcsstype%2Fdownload%2Fcsstype-3.0.6.tgz",
          "integrity": "sha1-hl0LWDPX2NQPTluKbXauo95HJe8="
        }
      }
    },
    "@types/react-transition-group": {
      "version": "4.4.0",
      "resolved": "https://registry.npm.taobao.org/@types/react-transition-group/download/@types/react-transition-group-4.4.0.tgz",
      "integrity": "sha1-iCg520Zd8TIOR1Pm6fcMp+m01G0=",
      "requires": {
        "@types/react": "*"
      }
    },
    "clsx": {
      "version": "1.1.1",
      "resolved": "https://registry.npm.taobao.org/clsx/download/clsx-1.1.1.tgz",
      "integrity": "sha1-mLMTT5q73yOyZjSRrOE8XAOnMYg="
    },
    "css-vendor": {
      "version": "2.0.8",
      "resolved": "https://registry.npm.taobao.org/css-vendor/download/css-vendor-2.0.8.tgz",
      "integrity": "sha1-5H+R070xF9SRgKPJNeYuPZ9/RJ0=",
      "requires": {
        "@babel/runtime": "^7.8.3",
        "is-in-browser": "^1.0.2"
      }
    },
    "csstype": {
      "version": "2.6.14",
      "resolved": "https://registry.npm.taobao.org/csstype/download/csstype-2.6.14.tgz?cache=0&sync_timestamp=1610107151406&other_urls=https%3A%2F%2Fregistry.npm.taobao.org%2Fcsstype%2Fdownload%2Fcsstype-2.6.14.tgz",
      "integrity": "sha1-AEgipAUDRbVa1NzAC+HZzy9Clt4="
    },
    "dom-helpers": {
      "version": "5.2.0",
      "resolved": "https://registry.npm.taobao.org/dom-helpers/download/dom-helpers-5.2.0.tgz",
      "integrity": "sha1-V/0FTF+PNMUqPu/9t+fpPNNX2Vs=",
      "requires": {
        "@babel/runtime": "^7.8.7",
        "csstype": "^3.0.2"
      },
      "dependencies": {
        "csstype": {
          "version": "3.0.6",
          "resolved": "https://registry.npm.taobao.org/csstype/download/csstype-3.0.6.tgz?cache=0&sync_timestamp=1610107151406&other_urls=https%3A%2F%2Fregistry.npm.taobao.org%2Fcsstype%2Fdownload%2Fcsstype-3.0.6.tgz",
          "integrity": "sha1-hl0LWDPX2NQPTluKbXauo95HJe8="
        }
      }
    },
    "hoist-non-react-statics": {
      "version": "3.3.2",
      "resolved": "https://registry.npm.taobao.org/hoist-non-react-statics/download/hoist-non-react-statics-3.3.2.tgz",
      "integrity": "sha1-7OCsr3HWLClpwuxZ/v9CpLGoW0U=",
      "requires": {
        "react-is": "^16.7.0"
      },
      "dependencies": {
        "react-is": {
          "version": "16.13.1",
          "resolved": "https://registry.npm.taobao.org/react-is/download/react-is-16.13.1.tgz?cache=0&sync_timestamp=1610380768320&other_urls=https%3A%2F%2Fregistry.npm.taobao.org%2Freact-is%2Fdownload%2Freact-is-16.13.1.tgz",
          "integrity": "sha1-eJcppNw23imZ3BVt1sHZwYzqVqQ="
        }
      }
    },
    "hyphenate-style-name": {
      "version": "1.0.4",
      "resolved": "https://registry.npm.taobao.org/hyphenate-style-name/download/hyphenate-style-name-1.0.4.tgz",
      "integrity": "sha1-aRh5r44iCupXUOiCfbTvYqVONh0="
    },
    "indefinite-observable": {
      "version": "2.0.1",
      "resolved": "https://registry.npm.taobao.org/indefinite-observable/download/indefinite-observable-2.0.1.tgz",
      "integrity": "sha1-V0rym/vBfrWUd5N5e93JTJ2FlAA=",
      "requires": {
        "symbol-observable": "1.2.0"
      }
    },
    "is-in-browser": {
      "version": "1.1.3",
      "resolved": "https://registry.npm.taobao.org/is-in-browser/download/is-in-browser-1.1.3.tgz",
      "integrity": "sha1-Vv9NtoOgeMYILrldrX3GLh0E+DU="
    },
    "js-tokens": {
      "version": "4.0.0",
      "resolved": "https://registry.npm.taobao.org/js-tokens/download/js-tokens-4.0.0.tgz",
      "integrity": "sha1-GSA/tZmR35jjoocFDUZHzerzJJk="
    },
    "jss": {
      "version": "10.5.1",
      "resolved": "https://registry.npm.taobao.org/jss/download/jss-10.5.1.tgz",
      "integrity": "sha1-k+ayQoyEBAg3LYtUjD88YPpgHEA=",
      "requires": {
        "@babel/runtime": "^7.3.1",
        "csstype": "^3.0.2",
        "indefinite-observable": "^2.0.1",
        "is-in-browser": "^1.1.3",
        "tiny-warning": "^1.0.2"
      },
      "dependencies": {
        "csstype": {
          "version": "3.0.6",
          "resolved": "https://registry.npm.taobao.org/csstype/download/csstype-3.0.6.tgz?cache=0&sync_timestamp=1610107151406&other_urls=https%3A%2F%2Fregistry.npm.taobao.org%2Fcsstype%2Fdownload%2Fcsstype-3.0.6.tgz",
          "integrity": "sha1-hl0LWDPX2NQPTluKbXauo95HJe8="
        }
      }
    },
    "jss-plugin-camel-case": {
      "version": "10.5.1",
      "resolved": "https://registry.npm.taobao.org/jss-plugin-camel-case/download/jss-plugin-camel-case-10.5.1.tgz",
      "integrity": "sha1-QnskqZUbTC6qfj1SZ6zS4AsJNPk=",
      "requires": {
        "@babel/runtime": "^7.3.1",
        "hyphenate-style-name": "^1.0.3",
        "jss": "10.5.1"
      }
    },
    "jss-plugin-default-unit": {
      "version": "10.5.1",
      "resolved": "https://registry.npm.taobao.org/jss-plugin-default-unit/download/jss-plugin-default-unit-10.5.1.tgz",
      "integrity": "sha1-K+OF1x1QruLugcKprHDgBZLthhs=",
      "requires": {
        "@babel/runtime": "^7.3.1",
        "jss": "10.5.1"
      }
    },
    "jss-plugin-global": {
      "version": "10.5.1",
      "resolved": "https://registry.npm.taobao.org/jss-plugin-global/download/jss-plugin-global-10.5.1.tgz",
      "integrity": "sha1-DheT3qhsKYNgp+IARyE1FlPH52Q=",
      "requires": {
        "@babel/runtime": "^7.3.1",
        "jss": "10.5.1"
      }
    },
    "jss-plugin-nested": {
      "version": "10.5.1",
      "resolved": "https://registry.npm.taobao.org/jss-plugin-nested/download/jss-plugin-nested-10.5.1.tgz",
      "integrity": "sha1-h1OoCtMRkPtqxv3Tn1c1Lc8Slbs=",
      "requires": {
        "@babel/runtime": "^7.3.1",
        "jss": "10.5.1",
        "tiny-warning": "^1.0.2"
      }
    },
    "jss-plugin-props-sort": {
      "version": "10.5.1",
      "resolved": "https://registry.npm.taobao.org/jss-plugin-props-sort/download/jss-plugin-props-sort-10.5.1.tgz",
      "integrity": "sha1-qxwWf9LUUG+2ocHWbF8+9UX/HNg=",
      "requires": {
        "@babel/runtime": "^7.3.1",
        "jss": "10.5.1"
      }
    },
    "jss-plugin-rule-value-function": {
      "version": "10.5.1",
      "resolved": "https://registry.npm.taobao.org/jss-plugin-rule-value-function/download/jss-plugin-rule-value-function-10.5.1.tgz",
      "integrity": "sha1-N/QDBSP7MDLIgB+rSMNsNzAE3n4=",
      "requires": {
        "@babel/runtime": "^7.3.1",
        "jss": "10.5.1",
        "tiny-warning": "^1.0.2"
      }
    },
    "jss-plugin-vendor-prefixer": {
      "version": "10.5.1",
      "resolved": "https://registry.npm.taobao.org/jss-plugin-vendor-prefixer/download/jss-plugin-vendor-prefixer-10.5.1.tgz",
      "integrity": "sha1-RaGDo6DrCXvfqwmGuFjZmSDAu9g=",
      "requires": {
        "@babel/runtime": "^7.3.1",
        "css-vendor": "^2.0.8",
        "jss": "10.5.1"
      }
    },
    "loose-envify": {
      "version": "1.4.0",
      "resolved": "https://registry.npm.taobao.org/loose-envify/download/loose-envify-1.4.0.tgz",
      "integrity": "sha1-ce5R+nvkyuwaY4OffmgtgTLTDK8=",
      "requires": {
        "js-tokens": "^3.0.0 || ^4.0.0"
      }
    },
    "object-assign": {
      "version": "4.1.1",
      "resolved": "https://registry.npm.taobao.org/object-assign/download/object-assign-4.1.1.tgz",
      "integrity": "sha1-IQmtx5ZYh8/AXLvUQsrIv7s2CGM="
    },
    "popper.js": {
      "version": "1.16.1-lts",
      "resolved": "https://registry.npm.taobao.org/popper.js/download/popper.js-1.16.1-lts.tgz",
      "integrity": "sha1-z2hHuAfaN5nYDuPW0vkN+KP1CwU="
    },
    "prop-types": {
      "version": "15.7.2",
      "resolved": "https://registry.npm.taobao.org/prop-types/download/prop-types-15.7.2.tgz",
      "integrity": "sha1-UsQedbjIfnK52TYOAga5ncv/psU=",
      "requires": {
        "loose-envify": "^1.4.0",
        "object-assign": "^4.1.1",
        "react-is": "^16.8.1"
      },
      "dependencies": {
        "react-is": {
          "version": "16.13.1",
          "resolved": "https://registry.npm.taobao.org/react-is/download/react-is-16.13.1.tgz?cache=0&sync_timestamp=1610380768320&other_urls=https%3A%2F%2Fregistry.npm.taobao.org%2Freact-is%2Fdownload%2Freact-is-16.13.1.tgz",
          "integrity": "sha1-eJcppNw23imZ3BVt1sHZwYzqVqQ="
        }
      }
    },
    "react": {
      "version": "17.0.1",
      "resolved": "https://registry.npm.taobao.org/react/download/react-17.0.1.tgz?cache=0&sync_timestamp=1610380778018&other_urls=https%3A%2F%2Fregistry.npm.taobao.org%2Freact%2Fdownload%2Freact-17.0.1.tgz",
      "integrity": "sha1-bgYAQWvVdXTj+G2S7bo9kAhyYSc=",
      "peer": true,
      "requires": {
        "loose-envify": "^1.1.0",
        "object-assign": "^4.1.1"
      }
    },
    "react-dom": {
      "version": "17.0.1",
      "resolved": "https://registry.npm.taobao.org/react-dom/download/react-dom-17.0.1.tgz?cache=0&sync_timestamp=1610380738860&other_urls=https%3A%2F%2Fregistry.npm.taobao.org%2Freact-dom%2Fdownload%2Freact-dom-17.0.1.tgz",
      "integrity": "sha1-HeJWBHTsnw4zQoVmLt5S28VCb8Y=",
      "peer": true,
      "requires": {
        "loose-envify": "^1.1.0",
        "object-assign": "^4.1.1",
        "scheduler": "^0.20.1"
      }
    },
    "react-is": {
      "version": "17.0.1",
      "resolved": "https://registry.npm.taobao.org/react-is/download/react-is-17.0.1.tgz?cache=0&sync_timestamp=1610380768320&other_urls=https%3A%2F%2Fregistry.npm.taobao.org%2Freact-is%2Fdownload%2Freact-is-17.0.1.tgz",
      "integrity": "sha1-WzUxvXamRaTJ+25pPtNkGeMwEzk="
    },
    "react-transition-group": {
      "version": "4.4.1",
      "resolved": "https://registry.npm.taobao.org/react-transition-group/download/react-transition-group-4.4.1.tgz",
      "integrity": "sha1-Y4aPkyWjjqXulTXYKDJ/hXczRck=",
      "requires": {
        "@babel/runtime": "^7.5.5",
        "dom-helpers": "^5.0.1",
        "loose-envify": "^1.4.0",
        "prop-types": "^15.6.2"
      }
    },
    "regenerator-runtime": {
      "version": "0.13.7",
      "resolved": "https://registry.npm.taobao.org/regenerator-runtime/download/regenerator-runtime-0.13.7.tgz",
      "integrity": "sha1-ysLazIoepnX+qrrriugziYrkb1U="
    },
    "scheduler": {
      "version": "0.20.1",
      "resolved": "https://registry.npm.taobao.org/scheduler/download/scheduler-0.20.1.tgz?cache=0&sync_timestamp=1610381218240&other_urls=https%3A%2F%2Fregistry.npm.taobao.org%2Fscheduler%2Fdownload%2Fscheduler-0.20.1.tgz",
      "integrity": "sha1-2guQfiQCawEYHsvHXv3H8ntaAAw=",
      "peer": true,
      "requires": {
        "loose-envify": "^1.1.0",
        "object-assign": "^4.1.1"
      }
    },
    "symbol-observable": {
      "version": "1.2.0",
      "resolved": "https://registry.npm.taobao.org/symbol-observable/download/symbol-observable-1.2.0.tgz?cache=0&sync_timestamp=1604338205051&other_urls=https%3A%2F%2Fregistry.npm.taobao.org%2Fsymbol-observable%2Fdownload%2Fsymbol-observable-1.2.0.tgz",
      "integrity": "sha1-wiaIrtTqs83C3+rLtWFmBWCgCAQ="
    },
    "tiny-warning": {
      "version": "1.0.3",
      "resolved": "https://registry.npm.taobao.org/tiny-warning/download/tiny-warning-1.0.3.tgz",
      "integrity": "sha1-lKMNtFPfTGQ9D9VmBg1gqHXYR1Q="
    }
  }
}
